# @generated by Move, please check-in and do not edit manually.

[move]
version = 3
manifest_digest = "250C5C24995B625B3A6A5E2D70F0C7FF38ACF0388721359A9A51C0DE1F57F91D"
deps_digest = "F8BBB0CCB2491CA29A3DF03D6F92277A4F3574266507ACD77214D37ECA3F3082"
dependencies = [
  { id = "Sui", name = "Sui" },
]

[[move.package]]
id = "MoveStdlib"
source = { git = "https://github.com/MystenLabs/sui.git", rev = "framework/testnet", subdir = "crates/sui-framework/packages/move-stdlib" }

[[move.package]]
id = "Sui"
source = { git = "https://github.com/MystenLabs/sui.git", rev = "framework/testnet", subdir = "crates/sui-framework/packages/sui-framework" }

dependencies = [
  { id = "MoveStdlib", name = "MoveStdlib" },
]

[move.toolchain-version]
compiler-version = "1.38.2"
edition = "2024.beta"
flavor = "sui"

[env]

[env.devnet]
chain-id = "00c923bb"
original-published-id = "0x9faeefdbc550d6d520d2a36bf5378172b8b085702d86a9c3955ee1f5c9719b1b"
latest-published-id = "0x9faeefdbc550d6d520d2a36bf5378172b8b085702d86a9c3955ee1f5c9719b1b"
published-version = "1"
